github.com/adrg/xdg v0.5.3 h1:xRnxJXne7+oWDatRhR1JLnvuccuIeCoBu2rtuLqQB78=
github.com/adrg/xdg v0.5.3/go.mod h1:nlTsY+NNiCBGCK2tpm09vRqfVzrc2fLmXGpBLF0zlTQ=
github.com/andybalholm/cascadia v1.3.2 h1:3Xi6Dw5lHF15JtdcmAHD3i1+T8plmv7BQ/nsViSLyss=
github.com/andybalholm/cascadia v1.3.2/go.mod h1:7gtRlve5FxPPgIgX36uWBX58OdBsSS6lUvCFb+h7KvU=
github.com/disintegration/imaging v1.6.2 h1:w1LecBlG2Lnp8B3jk5zSuNqd7b4DXhcjwek1ei82L+c=
github.com/disintegration/imaging v1.6.2/go.mod h1:44/5580QXChDfwIclfc/PCwrr44amcmDAg8hxG0Ewe4=
github.com/dustin/go-humanize v1.0.1 h1:GzkhY7T5VNhEkwH0PVJgjz+fX1rhBrR7pRT3mDkpeCY=
github.com/dustin/go-humanize v1.0.1/go.mod h1:Mu1zIs6XwVuF/gI1OepvI0qD18qycQx+mFykh5fBlto=
github.com/ebitengine/purego v0.8.2 h1:jPPGWs2sZ1UgOSgD2bClL0MJIqu58nOmIcBuXr62z1I=
github.com/ebitengine/purego v0.8.2/go.mod h1:iIjxzd6CiRiOG0UyXP+V1+jWqUXVjPKLAI0mRfJZTmQ=
github.com/evilsocket/islazy v1.11.0 h1:B5w6uuS6ki6iDG+aH/RFeoMb8ijQh/pGabewqp2UeJ0=
github.com/evilsocket/islazy v1.11.0/go.mod h1:muYH4x5MB5YRdkxnrOtrXLIBX6LySj1uFIqys94LKdo=
github.com/google/uuid v1.6.0 h1:NIvaJDMOsjHA8n1jAhLSgzrAzy1Hgr+hNrb57e+94F0=
github.com/google/uuid v1.6.0/go.mod h1:TIyPZe4MgqvfeYDBFedMoGGpEw/LqOeaOT+nhxU+yHo=
github.com/hashicorp/golang-lru/v2 v2.0.7 h1:a+bsQ5rvGLjzHuww6tVxozPZFVghXaHOwFs4luLUK2k=
github.com/hashicorp/golang-lru/v2 v2.0.7/go.mod h1:QeFd9opnmA6QUJc5vARoKUSoFhyfM2/ZepoAG6RGpeM=
github.com/mattn/go-isatty v0.0.20 h1:xfD0iDuEKnDkl03q4limB+vH+GxLEtL/jb4xVJSWWEY=
github.com/mattn/go-isatty v0.0.20/go.mod h1:W+V8PltTTMOvKvAeJH7IuucS94S2C6jfK/D7dTCTo3Y=
github.com/ncruces/go-strftime v0.1.9 h1:bY0MQC28UADQmHmaF5dgpLmImcShSi2kHU9XLdhx/f4=
github.com/ncruces/go-strftime v0.1.9/go.mod h1:Fwc5htZGVVkseilnfgOVb9mKy6w1naJmn9CehxcKcls=
github.com/remyoudompheng/bigfft v0.0.0-20230129092748-24d4a6f8daec h1:W09IVJc94icq4NjY3clb7Lk8O1qJ8BdBEF8z0ibU0rE=
github.com/remyoudompheng/bigfft v0.0.0-20230129092748-24d4a6f8daec/go.mod h1:qqbHyh8v60DhA7CoWK5oRCqLrMHRGoxYCSS9EjAz6Eo=
github.com/yuin/goldmark v1.4.13/go.mod h1:6yULJ656Px+3vBD8DxQVa3kxgyrAnzto9xy5taEt/CY=
golang.org/x/crypto v0.0.0-20190308221718-c2843e01d9a2/go.mod h1:djNgcEr1/C05ACkg1iLfiJU5Ep61QUkGW8qpdssI0+w=
golang.org/x/crypto v0.0.0-20210921155107-089bfa567519/go.mod h1:GvvjBRRGRdwPK5ydBHafDWAxML/pGHZbMvKqRZ5+Abc=
golang.org/x/exp v0.0.0-20250305212735-054e65f0b394 h1:nDVHiLt8aIbd/VzvPWN6kSOPE7+F/fNFDSXLVYkE/Iw=
golang.org/x/exp v0.0.0-20250305212735-054e65f0b394/go.mod h1:sIifuuw/Yco/y6yb6+bDNfyeQ/MdPUy/hKEMYQV17cM=
golang.org/x/image v0.0.0-20191009234506-e7c1f5e7dbb8/go.mod h1:FeLwcggjj3mMvU+oOTbSwawSJRM1uh48EjtB4UJZlP0=
golang.org/x/image v0.25.0 h1:Y6uW6rH1y5y/LK1J8BPWZtr6yZ7hrsy6hFrXjgsc2fQ=
golang.org/x/image v0.25.0/go.mod h1:tCAmOEGthTtkalusGp1g3xa2gke8J6c2N565dTyl9Rs=
golang.org/x/mod v0.6.0-dev.0.20220419223038-86c51ed26bb4/go.mod h1:jJ57K6gSWd91VN4djpZkiMVwK6gcyfeH4XE8wZrZaV4=
golang.org/x/mod v0.8.0/go.mod h1:iBbtSCu2XBx23ZKBPSOrRkjjQPZFPuis4dIYUhu/chs=
golang.org/x/net v0.0.0-20190620200207-3b0461eec859/go.mod h1:z5CRVTTTmAJ677TzLLGU+0bjPO0LkuOLi4/5GtJWs/s=
golang.org/x/net v0.0.0-20210226172049-e18ecbb05110/go.mod h1:m0MpNAwzfU5UDzcl9v0D8zg8gWTRqZa9RBIspLL5mdg=
golang.org/x/net v0.0.0-20220722155237-a158d28d115b/go.mod h1:XRhObCWvk6IyKnWLug+ECip1KBveYUHfp+8e9klMJ9c=
golang.org/x/net v0.6.0/go.mod h1:2Tu9+aMcznHK/AK1HMvgo6xiTLG5rD5rZLDS+rp2Bjs=
golang.org/x/net v0.9.0/go.mod h1:d48xBJpPfHeWQsugry2m+kC02ZBRGRgulfHnEXEuWns=
golang.org/x/net v0.37.0 h1:1zLorHbz+LYj7MQlSf1+2tPIIgibq2eL5xkrGk6f+2c=
golang.org/x/net v0.37.0/go.mod h1:ivrbrMbzFq5J41QOQh0siUuly180yBYtLp+CKbEaFx8=
golang.org/x/sync v0.0.0-20190423024810-112230192c58/go.mod h1:RxMgew5VJxzue5/jJTE5uejpjVlOe/izrB70Jof72aM=
golang.org/x/sync v0.0.0-20220722155255-886fb9371eb4/go.mod h1:RxMgew5VJxzue5/jJTE5uejpjVlOe/izrB70Jof72aM=
golang.org/x/sync v0.1.0/go.mod h1:RxMgew5VJxzue5/jJTE5uejpjVlOe/izrB70Jof72aM=
golang.org/x/sys v0.0.0-20190215142949-d0b11bdaac8a/go.mod h1:STP8DvDyc/dI5b8T5hshtkjS+E42TnysNCUPdjciGhY=
golang.org/x/sys v0.0.0-20201119102817-f84b799fce68/go.mod h1:h1NjWce9XRLGQEsW7wpKNCjG9DtNlClVuFLEZdDNbEs=
golang.org/x/sys v0.0.0-20210615035016-665e8c7367d1/go.mod h1:oPkhp1MJrh7nUepCBck5+mAzfO9JrbApNNgaTdGDITg=
golang.org/x/sys v0.0.0-20220520151302-bc2c85ada10a/go.mod h1:oPkhp1MJrh7nUepCBck5+mAzfO9JrbApNNgaTdGDITg=
golang.org/x/sys v0.0.0-20220722155257-8c9f86f7a55f/go.mod h1:oPkhp1MJrh7nUepCBck5+mAzfO9JrbApNNgaTdGDITg=
golang.org/x/sys v0.5.0/go.mod h1:oPkhp1MJrh7nUepCBck5+mAzfO9JrbApNNgaTdGDITg=
golang.org/x/sys v0.6.0/go.mod h1:oPkhp1MJrh7nUepCBck5+mAzfO9JrbApNNgaTdGDITg=
golang.org/x/sys v0.7.0/go.mod h1:oPkhp1MJrh7nUepCBck5+mAzfO9JrbApNNgaTdGDITg=
golang.org/x/sys v0.31.0 h1:ioabZlmFYtWhL+TRYpcnNlLwhyxaM9kWTDEmfnprqik=
golang.org/x/sys v0.31.0/go.mod h1:BJP2sWEmIv4KK5OTEluFJCKSidICx8ciO85XgH3Ak8k=
golang.org/x/term v0.0.0-20201126162022-7de9c90e9dd1/go.mod h1:bj7SfCRtBDWHUb9snDiAeCFNEtKQo2Wmx5Cou7ajbmo=
golang.org/x/term v0.0.0-20210927222741-03fcf44c2211/go.mod h1:jbD1KX2456YbFQfuXm/mYQcufACuNUgVhRMnK/tPxf8=
golang.org/x/term v0.5.0/go.mod h1:jMB1sMXY+tzblOD4FWmEbocvup2/aLOaQEp7JmGp78k=
golang.org/x/term v0.7.0/go.mod h1:P32HKFT3hSsZrRxla30E9HqToFYAQPCMs/zFMBUFqPY=
golang.org/x/text v0.3.0/go.mod h1:NqM8EUOU14njkJ3fqMW+pc6Ldnwhi/IjpwHt7yyuwOQ=
golang.org/x/text v0.3.3/go.mod h1:5Zoc/QRtKVWzQhOtBMvqHzDpF6irO9z98xDceosuGiQ=
golang.org/x/text v0.3.7/go.mod h1:u+2+/6zg+i71rQMx5EYifcz6MCKuco9NR6JIITiCfzQ=
golang.org/x/text v0.7.0/go.mod h1:mrYo+phRRbMaCq/xk9113O4dZlRixOauAjOtrjsXDZ8=
golang.org/x/text v0.9.0/go.mod h1:e1OnstbJyHTd6l/uOt8jFFHp6TRDWZR/bV3emEE/zU8=
golang.org/x/tools v0.0.0-20180917221912-90fa682c2a6e/go.mod h1:n7NCudcB/nEzxVGmLbDWY5pfWTLqBcC2KZ6jyYvM4mQ=
golang.org/x/tools v0.0.0-20191119224855-298f0cb1881e/go.mod h1:b+2E5dAYhXwXZwtnZ6UAqBI28+e2cm9otk0dWdXHAEo=
golang.org/x/tools v0.1.12/go.mod h1:hNGJHUnrk76NpqgfD5Aqm5Crs+Hm0VOH/i9J2+nxYbc=
golang.org/x/tools v0.6.0/go.mod h1:Xwgl3UAJ/d3gWutnCtw505GrjyAbvKui8lOU390QaIU=
golang.org/x/xerrors v0.0.0-20190717185122-a985d3407aa7/go.mod h1:I/5z698sn9Ka8TeJc9MKroUUfqBBauWjQqLJ2OPfmY0=
modernc.org/css v0.1.1 h1:+XdRRr0M+uFkdb9BwNIsuhQ1GWU+dW74w1VqF3dqP7E=
modernc.org/css v0.1.1/go.mod h1:HB8KDakg7gaOzNoPiD1X2NasDqjaNzXCwDg+li6plrU=
modernc.org/fileutil v1.3.0 h1:gQ5SIzK3H9kdfai/5x41oQiKValumqNTDXMvKo62HvE=
modernc.org/fileutil v1.3.0/go.mod h1:XatxS8fZi3pS8/hKG2GH/ArUogfxjpEKs3Ku3aK4JyQ=
modernc.org/fsm v1.3.2 h1:f58HBydnAmLhugDKOlNniDYfKRcOH/3T4xQTO1AZXag=
modernc.org/fsm v1.3.2/go.mod h1:5eK6OWqnX8io83LPfzIlNnUrkpxN/r1ONq3wVi8kvio=
modernc.org/gc/v3 v3.0.0-20250225134559-fd9931328834 h1:Qv+IG+6zQZSvUPRwUOgnMoAhy6rAhBB7WYY8IAfKG+c=
modernc.org/gc/v3 v3.0.0-20250225134559-fd9931328834/go.mod h1:LG5UO1Ran4OO0JRKz2oNiXhR5nNrgz0PzH7UKhz0aMU=
modernc.org/htmlview v0.2.0 h1:G6d+wwxOk6KGGnVv60t8eYbpRcN1cY7kTKnrplLPLd8=
modernc.org/htmlview v0.2.0/go.mod h1:9uR5EznXuXZGXr5l+4TaB9fzcu6eYDC8BSuQsFUgRZ0=
modernc.org/knuth v0.5.4 h1:F8mDs7ME3oN9eyx01n6/xVmJ4F5U/qEhSYPnPXaZrps=
modernc.org/knuth v0.5.4/go.mod h1:e5SBb35HQBj2aFwbBO3ClPcViLY3Wi0LzaOd7c/3qMk=
modernc.org/libX11 v0.11.14 h1:PgPms46sSh2DcvyoKiN6b4P/C8oWRK3wY7UjBW63CJc=
modernc.org/libX11 v0.11.14/go.mod h1:81woNnAmSSwxSbzcWvusNsQjWkZFqxhJGdJn1r/KVh4=
modernc.org/libXau v0.9.9 h1:M+I0tAYSU5/xZEvGH9yCpMOyFy1fbuixrONJX0XJTUk=
modernc.org/libXau v0.9.9/go.mod h1:CQMi6xKr4ejSzktdkI+p6hKmE+ibvHMpaH5XWyIu5ic=
modernc.org/libXdmcp v0.12.9 h1:VdL/KAY0F+hVcxwR0GIgClPlKjc9OMCSRC1NXyIyllQ=
modernc.org/libXdmcp v0.12.9/go.mod h1:ggxs82DX1F9+SArhp8/PcJM4qmES47pnV0AHtKF9giI=
modernc.org/libXft v0.10.19 h1:GuMqRxQBBC3feRH7TMkCC6EIeY8j7+HLm5oQlNSxAIw=
modernc.org/libXft v0.10.19/go.mod h1:x7wcmlnUzG9SLfXZMG1DbMN6bRwNV+eZT4xN+iQSLkQ=
modernc.org/libXrender v0.9.13 h1:aTH9Ii0TepPm1MmC9aDr06UXNw5XvrIHC45y+3ULeRY=
modernc.org/libXrender v0.9.13/go.mod h1:6K3VytTIn9aA8WOZQY0ZjB172pVI0VR66WLOsVW7sLo=
modernc.org/libbsd v0.11.8 h1:lBSRhXYUMjuiYUfYWF1VcT9kTIFH8j/aaDYF+Pck964=
modernc.org/libbsd v0.11.8/go.mod h1:g8wcLe7VT2dSI0R4z0xIF4UHZRMIpjIQPIpRJN6td7o=
modernc.org/libc v1.62.1 h1:s0+fv5E3FymN8eJVmnk0llBe6rOxCu/DEU+XygRbS8s=
modernc.org/libc v1.62.1/go.mod h1:iXhATfJQLjG3NWy56a6WVU73lWOcdYVxsvwCgoPljuo=
modernc.org/libexpat v0.10.12 h1:SNjo4U5z7Uu01qId6RTDH5uYT1+T94Z1JJ0s8g1FB2o=
modernc.org/libexpat v0.10.12/go.mod h1:E4er4v37XcC813LkDSqbt7SB1Jj071/ceIorg1kRjzI=
modernc.org/libfontconfig v0.8.11 h1:Tqz8Ooi0qgLvD6JUbNzamqlyOwq3NPAE2N4cOF3ymYw=
modernc.org/libfontconfig v0.8.11/go.mod h1:jQaZKgJBVGmupcOKGH8C1rGr/T+VftwG/idM3cycwKY=
modernc.org/libfreetype v0.9.18 h1:RBCWzuMAmxt7Wqq/oCS08nFCscqYUDFbRPuCkTYqHCo=
modernc.org/libfreetype v0.9.18/go.mod h1:wHJJk5gn2Dw93JBGwLeSB5mAaxF6sKTbsM/p1ygQudQ=
modernc.org/libmd v0.12.15 h1:LgXokdUq+nawxNPSSce/0FvmM3atr62JOqLq9LDmY7U=
modernc.org/libmd v0.12.15/go.mod h1:HwP6ekjVbbTn5t/xJHRi2aK47fY6vs1bSPqunl8mVt4=
modernc.org/libtcl9.0 v0.16.2 h1:FdGyzMoTdwT/xzyKHf76e539MN4EsN8Ya/yyLagN+2E=
modernc.org/libtcl9.0 v0.16.2/go.mod h1:Rk9m6HQgjvlFm5nloyGAPvA6Rv/OCbQKIzoR2z9Bfec=
modernc.org/libtk9.0 v0.16.2 h1:deSs6jHnQA8cigX2CLzvWrpTMWuruQKB2Q3B7uzAdRw=
modernc.org/libtk9.0 v0.16.2/go.mod h1:6oy9MEoR04AUHCAKQ0hYVlcZWbWAiMaXlHCu7Ig2AU4=
modernc.org/libxcb v0.11.3 h1:N7DIx5UPn6xpWTkCGQ5SY/wKWaDWaixRMHCPA/4SPMs=
modernc.org/libxcb v0.11.3/go.mod h1:Gv8miMFngEJMKsMA5zSCGgLDE/o85OWAKrdOiZY8hbk=
modernc.org/libz v0.16.15 h1:E1JHwmF+LYxE97PgZqlVoiNM3JletNYy8lM4rQuWhWg=
modernc.org/libz v0.16.15/go.mod h1:ZEfDnPewNb6xrSxZwAnRckDsC0C7cObJqIsDCmhl9ko=
modernc.org/mathutil v1.7.1 h1:GCZVGXdaN8gTqB1Mf/usp1Y/hSqgI2vAGGP4jZMCxOU=
modernc.org/mathutil v1.7.1/go.mod h1:4p5IwJITfppl0G4sUEDtCr4DthTaT47/N3aT6MhfgJg=
modernc.org/memory v1.9.1 h1:V/Z1solwAVmMW1yttq3nDdZPJqV1rM05Ccq6KMSZ34g=
modernc.org/memory v1.9.1/go.mod h1:/JP4VbVC+K5sU2wZi9bHoq2MAkCnrt2r98UGeSK7Mjw=
modernc.org/ngrab v0.1.0 h1:21cX4tAIfLNjR4ax7JMfHTz2ztnjVGcCSsztoG6EFMk=
modernc.org/ngrab v0.1.0/go.mod h1:dDGjUip6IXmb5Y5M8RPYD7Sg4S/VdfG5akxK34uYtOE=
modernc.org/rec v0.3.3 h1:u4sHCz+Ey5vBXfSScSDal3rSf9RsBGjR/8pPL0ZqOaY=
modernc.org/rec v0.3.3/go.mod h1:sZ5tGUH9yNUrqwUrpD044f+5zLSOXTB6sE/u789vRto=
modernc.org/regexp v1.7.9 h1:PnzXQinFBbSiXcLunjHWrKPvZqNmyw0DfdZx0rvvzQo=
modernc.org/regexp v1.7.9/go.mod h1:DsTv3IO8vq8ahN8IHKJ0s3j5oFNfkBnGN6VuWzr7Afs=
modernc.org/scanner v1.1.0 h1:oyyez/m1+IE/sIngiR4Ud1WHRYOv9FsFnylkXLPTMGY=
modernc.org/scanner v1.1.0/go.mod h1:pDSh3vhQZeHFCjpcSzhDsvDIDOku2b/DdagPGXkK35o=
modernc.org/sortutil v1.2.1 h1:+xyoGf15mM3NMlPDnFqrteY07klSFxLElE2PVuWIJ7w=
modernc.org/sortutil v1.2.1/go.mod h1:7ZI3a3REbai7gzCLcotuw9AC4VZVpYMjDzETGsSMqJE=
modernc.org/strutil v1.2.1 h1:UneZBkQA+DX2Rp35KcM69cSsNES9ly8mQWD71HKlOA0=
modernc.org/strutil v1.2.1/go.mod h1:EHkiggD70koQxjVdSBM3JKM7k6L0FbGE5eymy9i3B9A=
modernc.org/tcl9.0 v0.16.0 h1:Me5on7SpLPIv3yEkUiFVG14YR1AbvzHrZGkEu4s696s=
modernc.org/tcl9.0 v0.16.0/go.mod h1:RMBQkc0bU2Sl7et9IoZjFG3Bcehh+6ARJgVBpKJ48+4=
modernc.org/tk9.0 v0.66.2 h1:o1obZ+l6nTJQ2GHJT3ibil+zT4sbaPiUVMtxNIsMEZo=
modernc.org/tk9.0 v0.66.2/go.mod h1:7L21dAqecXWI1pmL2cj2UEBIROZi/+MhZgmw+BTEOUo=
modernc.org/token v1.1.0 h1:Xl7Ap9dKaEs5kLoOQeQmPWevfnk/DM5qcLcYlA8ys6Y=
modernc.org/token v1.1.0/go.mod h1:UGzOrNV1mAFSEB63lOFHIpNRUVMvYTc6yu1SMY/XTDM=
